// !$*UTF8*$!
{
	archiveVersion = 1;
	classes = {
	};
	objectVersion = 50;
	objects = {

/* Begin PBXBuildFile section */
		1C1F95022562A39F0072143B /* AppDelegate.swift in Sources */ = {isa = PBXBuildFile; fileRef = 1C1F95012562A39F0072143B /* AppDelegate.swift */; };
		1C1F95042562A39F0072143B /* SceneDelegate.swift in Sources */ = {isa = PBXBuildFile; fileRef = 1C1F95032562A39F0072143B /* SceneDelegate.swift */; };
		1C1F950B2562A3A10072143B /* Assets.xcassets in Resources */ = {isa = PBXBuildFile; fileRef = 1C1F950A2562A3A10072143B /* Assets.xcassets */; };
		1C1F950E2562A3A10072143B /* LaunchScreen.storyboard in Resources */ = {isa = PBXBuildFile; fileRef = 1C1F950C2562A3A10072143B /* LaunchScreen.storyboard */; };
		1C1F95192562A3A20072143B /* Inverstor_TrackTests.swift in Sources */ = {isa = PBXBuildFile; fileRef = 1C1F95182562A3A20072143B /* Inverstor_TrackTests.swift */; };
		1C1F95242562A3A20072143B /* Inverstor_TrackUITests.swift in Sources */ = {isa = PBXBuildFile; fileRef = 1C1F95232562A3A20072143B /* Inverstor_TrackUITests.swift */; };
		1C1F95332562A4600072143B /* CategoryViewController.swift in Sources */ = {isa = PBXBuildFile; fileRef = 1C1F95322562A4600072143B /* CategoryViewController.swift */; };
		1C1F95362562A4950072143B /* HomeViewController.swift in Sources */ = {isa = PBXBuildFile; fileRef = 1C1F95352562A4950072143B /* HomeViewController.swift */; };
		1C1F95382562A6640072143B /* CategoryTableViewCell.swift in Sources */ = {isa = PBXBuildFile; fileRef = 1C1F95372562A6640072143B /* CategoryTableViewCell.swift */; };
		1C1F953B2562A7300072143B /* UIColor+Extension.swift in Sources */ = {isa = PBXBuildFile; fileRef = 1C1F953A2562A7300072143B /* UIColor+Extension.swift */; };
		1C1F953E2562A7D20072143B /* ThemesCollectionViewCell.swift in Sources */ = {isa = PBXBuildFile; fileRef = 1C1F953D2562A7D20072143B /* ThemesCollectionViewCell.swift */; };
		1C1F95402562A7E50072143B /* ThemesViewController.swift in Sources */ = {isa = PBXBuildFile; fileRef = 1C1F953F2562A7E50072143B /* ThemesViewController.swift */; };
		1C1F95432562AAB40072143B /* TrendingViewController.swift in Sources */ = {isa = PBXBuildFile; fileRef = 1C1F95422562AAB40072143B /* TrendingViewController.swift */; };
		1C1F95462562AACD0072143B /* TrendingTableViewCell.swift in Sources */ = {isa = PBXBuildFile; fileRef = 1C1F95442562AACD0072143B /* TrendingTableViewCell.swift */; };
		1C1F95472562AACD0072143B /* TrendingTableViewCell.xib in Resources */ = {isa = PBXBuildFile; fileRef = 1C1F95452562AACD0072143B /* TrendingTableViewCell.xib */; };
		1C1F95492562EB1B0072143B /* ViewController.swift in Sources */ = {isa = PBXBuildFile; fileRef = 1C1F95482562EB1B0072143B /* ViewController.swift */; };
/* End PBXBuildFile section */

/* Begin PBXContainerItemProxy section */
		1C1F95152562A3A20072143B /* PBXContainerItemProxy */ = {
			isa = PBXContainerItemProxy;
			containerPortal = 1C1F94F62562A39F0072143B /* Project object */;
			proxyType = 1;
			remoteGlobalIDString = 1C1F94FD2562A39F0072143B;
			remoteInfo = "Inverstor Track";
		};
		1C1F95202562A3A20072143B /* PBXContainerItemProxy */ = {
			isa = PBXContainerItemProxy;
			containerPortal = 1C1F94F62562A39F0072143B /* Project object */;
			proxyType = 1;
			remoteGlobalIDString = 1C1F94FD2562A39F0072143B;
			remoteInfo = "Inverstor Track";
		};
/* End PBXContainerItemProxy section */

/* Begin PBXFileReference section */
		1C1F94FE2562A39F0072143B /* Inverstor Track.app */ = {isa = PBXFileReference; explicitFileType = wrapper.application; includeInIndex = 0; path = "Inverstor Track.app"; sourceTree = BUILT_PRODUCTS_DIR; };
		1C1F95012562A39F0072143B /* AppDelegate.swift */ = {isa = PBXFileReference; lastKnownFileType = sourcecode.swift; path = AppDelegate.swift; sourceTree = "<group>"; };
		1C1F95032562A39F0072143B /* SceneDelegate.swift */ = {isa = PBXFileReference; lastKnownFileType = sourcecode.swift; path = SceneDelegate.swift; sourceTree = "<group>"; };
		1C1F950A2562A3A10072143B /* Assets.xcassets */ = {isa = PBXFileReference; lastKnownFileType = folder.assetcatalog; path = Assets.xcassets; sourceTree = "<group>"; };
		1C1F950D2562A3A10072143B /* Base */ = {isa = PBXFileReference; lastKnownFileType = file.storyboard; name = Base; path = Base.lproj/LaunchScreen.storyboard; sourceTree = "<group>"; };
		1C1F950F2562A3A10072143B /* Info.plist */ = {isa = PBXFileReference; lastKnownFileType = text.plist.xml; path = Info.plist; sourceTree = "<group>"; };
		1C1F95142562A3A20072143B /* Inverstor TrackTests.xctest */ = {isa = PBXFileReference; explicitFileType = wrapper.cfbundle; includeInIndex = 0; path = "Inverstor TrackTests.xctest"; sourceTree = BUILT_PRODUCTS_DIR; };
		1C1F95182562A3A20072143B /* Inverstor_TrackTests.swift */ = {isa = PBXFileReference; lastKnownFileType = sourcecode.swift; path = Inverstor_TrackTests.swift; sourceTree = "<group>"; };
		1C1F951A2562A3A20072143B /* Info.plist */ = {isa = PBXFileReference; lastKnownFileType = text.plist.xml; path = Info.plist; sourceTree = "<group>"; };
		1C1F951F2562A3A20072143B /* Inverstor TrackUITests.xctest */ = {isa = PBXFileReference; explicitFileType = wrapper.cfbundle; includeInIndex = 0; path = "Inverstor TrackUITests.xctest"; sourceTree = BUILT_PRODUCTS_DIR; };
		1C1F95232562A3A20072143B /* Inverstor_TrackUITests.swift */ = {isa = PBXFileReference; lastKnownFileType = sourcecode.swift; path = Inverstor_TrackUITests.swift; sourceTree = "<group>"; };
		1C1F95252562A3A20072143B /* Info.plist */ = {isa = PBXFileReference; lastKnownFileType = text.plist.xml; path = Info.plist; sourceTree = "<group>"; };
		1C1F95322562A4600072143B /* CategoryViewController.swift */ = {isa = PBXFileReference; lastKnownFileType = sourcecode.swift; path = CategoryViewController.swift; sourceTree = "<group>"; };
		1C1F95352562A4950072143B /* HomeViewController.swift */ = {isa = PBXFileReference; lastKnownFileType = sourcecode.swift; path = HomeViewController.swift; sourceTree = "<group>"; };
		1C1F95372562A6640072143B /* CategoryTableViewCell.swift */ = {isa = PBXFileReference; lastKnownFileType = sourcecode.swift; path = CategoryTableViewCell.swift; sourceTree = "<group>"; };
		1C1F953A2562A7300072143B /* UIColor+Extension.swift */ = {isa = PBXFileReference; lastKnownFileType = sourcecode.swift; path = "UIColor+Extension.swift"; sourceTree = "<group>"; };
		1C1F953D2562A7D20072143B /* ThemesCollectionViewCell.swift */ = {isa = PBXFileReference; lastKnownFileType = sourcecode.swift; path = ThemesCollectionViewCell.swift; sourceTree = "<group>"; };
		1C1F953F2562A7E50072143B /* ThemesViewController.swift */ = {isa = PBXFileReference; lastKnownFileType = sourcecode.swift; path = ThemesViewController.swift; sourceTree = "<group>"; };
		1C1F95422562AAB40072143B /* TrendingViewController.swift */ = {isa = PBXFileReference; lastKnownFileType = sourcecode.swift; path = TrendingViewController.swift; sourceTree = "<group>"; };
		1C1F95442562AACD0072143B /* TrendingTableViewCell.swift */ = {isa = PBXFileReference; lastKnownFileType = sourcecode.swift; path = TrendingTableViewCell.swift; sourceTree = "<group>"; };
		1C1F95452562AACD0072143B /* TrendingTableViewCell.xib */ = {isa = PBXFileReference; lastKnownFileType = file.xib; path = TrendingTableViewCell.xib; sourceTree = "<group>"; };
		1C1F95482562EB1B0072143B /* ViewController.swift */ = {isa = PBXFileReference; lastKnownFileType = sourcecode.swift; path = ViewController.swift; sourceTree = "<group>"; };
/* End PBXFileReference section */

/* Begin PBXFrameworksBuildPhase section */
		1C1F94FB2562A39F0072143B /* Frameworks */ = {
			isa = PBXFrameworksBuildPhase;
			buildActionMask = 2147483647;
			files = (
			);
			runOnlyForDeploymentPostprocessing = 0;
		};
		1C1F95112562A3A20072143B /* Frameworks */ = {
			isa = PBXFrameworksBuildPhase;
			buildActionMask = 2147483647;
			files = (
			);
			runOnlyForDeploymentPostprocessing = 0;
		};
		1C1F951C2562A3A20072143B /* Frameworks */ = {
			isa = PBXFrameworksBuildPhase;
			buildActionMask = 2147483647;
			files = (
			);
			runOnlyForDeploymentPostprocessing = 0;
		};
/* End PBXFrameworksBuildPhase section */

/* Begin PBXGroup section */
		1C1F94F52562A39F0072143B = {
			isa = PBXGroup;
			children = (
				1C1F95002562A39F0072143B /* Inverstor Track */,
				1C1F95172562A3A20072143B /* Inverstor TrackTests */,
				1C1F95222562A3A20072143B /* Inverstor TrackUITests */,
				1C1F94FF2562A39F0072143B /* Products */,
			);
			sourceTree = "<group>";
		};
		1C1F94FF2562A39F0072143B /* Products */ = {
			isa = PBXGroup;
			children = (
				1C1F94FE2562A39F0072143B /* Inverstor Track.app */,
				1C1F95142562A3A20072143B /* Inverstor TrackTests.xctest */,
				1C1F951F2562A3A20072143B /* Inverstor TrackUITests.xctest */,
			);
			name = Products;
			sourceTree = "<group>";
		};
		1C1F95002562A39F0072143B /* Inverstor Track */ = {
			isa = PBXGroup;
			children = (
				1C1F95412562AA7D0072143B /* Trending VC */,
				1C1F953C2562A7900072143B /* Themes VC */,
				1C1F95392562A70A0072143B /* Extension */,
				1C1F95342562A4810072143B /* Main VC */,
				1C1F95312562A4480072143B /* Category VC */,
				1C1F95012562A39F0072143B /* AppDelegate.swift */,
				1C1F95032562A39F0072143B /* SceneDelegate.swift */,
				1C1F950A2562A3A10072143B /* Assets.xcassets */,
				1C1F950C2562A3A10072143B /* LaunchScreen.storyboard */,
				1C1F950F2562A3A10072143B /* Info.plist */,
			);
			path = "Inverstor Track";
			sourceTree = "<group>";
		};
		1C1F95172562A3A20072143B /* Inverstor TrackTests */ = {
			isa = PBXGroup;
			children = (
				1C1F95182562A3A20072143B /* Inverstor_TrackTests.swift */,
				1C1F951A2562A3A20072143B /* Info.plist */,
			);
			path = "Inverstor TrackTests";
			sourceTree = "<group>";
		};
		1C1F95222562A3A20072143B /* Inverstor TrackUITests */ = {
			isa = PBXGroup;
			children = (
				1C1F95232562A3A20072143B /* Inverstor_TrackUITests.swift */,
				1C1F95252562A3A20072143B /* Info.plist */,
			);
			path = "Inverstor TrackUITests";
			sourceTree = "<group>";
		};
		1C1F95312562A4480072143B /* Category VC */ = {
			isa = PBXGroup;
			children = (
				1C1F95322562A4600072143B /* CategoryViewController.swift */,
				1C1F95372562A6640072143B /* CategoryTableViewCell.swift */,
			);
			path = "Category VC";
			sourceTree = "<group>";
		};
		1C1F95342562A4810072143B /* Main VC */ = {
			isa = PBXGroup;
			children = (
				1C1F95352562A4950072143B /* HomeViewController.swift */,
				1C1F95482562EB1B0072143B /* ViewController.swift */,
			);
			path = "Main VC";
			sourceTree = "<group>";
		};
		1C1F95392562A70A0072143B /* Extension */ = {
			isa = PBXGroup;
			children = (
				1C1F953A2562A7300072143B /* UIColor+Extension.swift */,
			);
			path = Extension;
			sourceTree = "<group>";
		};
		1C1F953C2562A7900072143B /* Themes VC */ = {
			isa = PBXGroup;
			children = (
				1C1F953D2562A7D20072143B /* ThemesCollectionViewCell.swift */,
				1C1F953F2562A7E50072143B /* ThemesViewController.swift */,
			);
			path = "Themes VC";
			sourceTree = "<group>";
		};
		1C1F95412562AA7D0072143B /* Trending VC */ = {
			isa = PBXGroup;
			children = (
				1C1F95422562AAB40072143B /* TrendingViewController.swift */,
				1C1F95442562AACD0072143B /* TrendingTableViewCell.swift */,
				1C1F95452562AACD0072143B /* TrendingTableViewCell.xib */,
			);
			path = "Trending VC";
			sourceTree = "<group>";
		};
/* End PBXGroup section */

/* Begin PBXNativeTarget section */
		1C1F94FD2562A39F0072143B /* Inverstor Track */ = {
			isa = PBXNativeTarget;
			buildConfigurationList = 1C1F95282562A3A20072143B /* Build configuration list for PBXNativeTarget "Inverstor Track" */;
			buildPhases = (
				1C1F94FA2562A39F0072143B /* Sources */,
				1C1F94FB2562A39F0072143B /* Frameworks */,
				1C1F94FC2562A39F0072143B /* Resources */,
			);
			buildRules = (
			);
			dependencies = (
			);
			name = "Inverstor Track";
			productName = "Inverstor Track";
			productReference = 1C1F94FE2562A39F0072143B /* Inverstor Track.app */;
			productType = "com.apple.product-type.application";
		};
		1C1F95132562A3A20072143B /* Inverstor TrackTests */ = {
			isa = PBXNativeTarget;
			buildConfigurationList = 1C1F952B2562A3A20072143B /* Build configuration list for PBXNativeTarget "Inverstor TrackTests" */;
			buildPhases = (
				1C1F95102562A3A20072143B /* Sources */,
				1C1F95112562A3A20072143B /* Frameworks */,
				1C1F95122562A3A20072143B /* Resources */,
			);
			buildRules = (
			);
			dependencies = (
				1C1F95162562A3A20072143B /* PBXTargetDependency */,
			);
			name = "Inverstor TrackTests";
			productName = "Inverstor TrackTests";
			productReference = 1C1F95142562A3A20072143B /* Inverstor TrackTests.xctest */;
			productType = "com.apple.product-type.bundle.unit-test";
		};
		1C1F951E2562A3A20072143B /* Inverstor TrackUITests */ = {
			isa = PBXNativeTarget;
			buildConfigurationList = 1C1F952E2562A3A20072143B /* Build configuration list for PBXNativeTarget "Inverstor TrackUITests" */;
			buildPhases = (
				1C1F951B2562A3A20072143B /* Sources */,
				1C1F951C2562A3A20072143B /* Frameworks */,
				1C1F951D2562A3A20072143B /* Resources */,
			);
			buildRules = (
			);
			dependencies = (
				1C1F95212562A3A20072143B /* PBXTargetDependency */,
			);
			name = "Inverstor TrackUITests";
			productName = "Inverstor TrackUITests";
			productReference = 1C1F951F2562A3A20072143B /* Inverstor TrackUITests.xctest */;
			productType = "com.apple.product-type.bundle.ui-testing";
		};
/* End PBXNativeTarget section */

/* Begin PBXProject section */
		1C1F94F62562A39F0072143B /* Project object */ = {
			isa = PBXProject;
			attributes = {
				LastSwiftUpdateCheck = 1140;
				LastUpgradeCheck = 1140;
				ORGANIZATIONNAME = "leyo babu";
				TargetAttributes = {
					1C1F94FD2562A39F0072143B = {
						CreatedOnToolsVersion = 11.4.1;
					};
					1C1F95132562A3A20072143B = {
						CreatedOnToolsVersion = 11.4.1;
						TestTargetID = 1C1F94FD2562A39F0072143B;
					};
					1C1F951E2562A3A20072143B = {
						CreatedOnToolsVersion = 11.4.1;
						TestTargetID = 1C1F94FD2562A39F0072143B;
					};
				};
			};
			buildConfigurationList = 1C1F94F92562A39F0072143B /* Build configuration list for PBXProject "Inverstor Track" */;
			compatibilityVersion = "Xcode 9.3";
			developmentRegion = en;
			hasScannedForEncodings = 0;
			knownRegions = (
				en,
				Base,
			);
			mainGroup = 1C1F94F52562A39F0072143B;
			productRefGroup = 1C1F94FF2562A39F0072143B /* Products */;
			projectDirPath = "";
			projectRoot = "";
			targets = (
				1C1F94FD2562A39F0072143B /* Inverstor Track */,
				1C1F95132562A3A20072143B /* Inverstor TrackTests */,
				1C1F951E2562A3A20072143B /* Inverstor TrackUITests */,
			);
		};
/* End PBXProject section */

/* Begin PBXResourcesBuildPhase section */
		1C1F94FC2562A39F0072143B /* Resources */ = {
			isa = PBXResourcesBuildPhase;
			buildActionMask = 2147483647;
			files = (
				1C1F950E2562A3A10072143B /* LaunchScreen.storyboard in Resources */,
				1C1F95472562AACD0072143B /* TrendingTableViewCell.xib in Resources */,
				1C1F950B2562A3A10072143B /* Assets.xcassets in Resources */,
			);
			runOnlyForDeploymentPostprocessing = 0;
		};
		1C1F95122562A3A20072143B /* Resources */ = {
			isa = PBXResourcesBuildPhase;
			buildActionMask = 2147483647;
			files = (
			);
			runOnlyForDeploymentPostprocessing = 0;
		};
		1C1F951D2562A3A20072143B /* Resources */ = {
			isa = PBXResourcesBuildPhase;
			buildActionMask = 2147483647;
			files = (
			);
			runOnlyForDeploymentPostprocessing = 0;
		};
/* End PBXResourcesBuildPhase section */

/* Begin PBXSourcesBuildPhase section */
		1C1F94FA2562A39F0072143B /* Sources */ = {
			isa = PBXSourcesBuildPhase;
			buildActionMask = 2147483647;
			files = (
				1C1F953B2562A7300072143B /* UIColor+Extension.swift in Sources */,
				1C1F95362562A4950072143B /* HomeViewController.swift in Sources */,
				1C1F95332562A4600072143B /* CategoryViewController.swift in Sources */,
				1C1F95402562A7E50072143B /* ThemesViewController.swift in Sources */,
				1C1F95492562EB1B0072143B /* ViewController.swift in Sources */,
				1C1F95462562AACD0072143B /* TrendingTableViewCell.swift in Sources */,
				1C1F95022562A39F0072143B /* AppDelegate.swift in Sources */,
				1C1F95042562A39F0072143B /* SceneDelegate.swift in Sources */,
				1C1F95432562AAB40072143B /* TrendingViewController.swift in Sources */,
				1C1F953E2562A7D20072143B /* ThemesCollectionViewCell.swift in Sources */,
				1C1F95382562A6640072143B /* CategoryTableViewCell.swift in Sources */,
			);
			runOnlyForDeploymentPostprocessing = 0;
		};
		1C1F95102562A3A20072143B /* Sources */ = {
			isa = PBXSourcesBuildPhase;
			buildActionMask = 2147483647;
			files = (
				1C1F95192562A3A20072143B /* Inverstor_TrackTests.swift in Sources */,
			);
			runOnlyForDeploymentPostprocessing = 0;
		};
		1C1F951B2562A3A20072143B /* Sources */ = {
			isa = PBXSourcesBuildPhase;
			buildActionMask = 2147483647;
			files = (
				1C1F95242562A3A20072143B /* Inverstor_TrackUITests.swift in Sources */,
			);
			runOnlyForDeploymentPostprocessing = 0;
		};
/* End PBXSourcesBuildPhase section */

/* Begin PBXTargetDependency section */
		1C1F95162562A3A20072143B /* PBXTargetDependency */ = {
			isa = PBXTargetDependency;
			target = 1C1F94FD2562A39F0072143B /* Inverstor Track */;
			targetProxy = 1C1F95152562A3A20072143B /* PBXContainerItemProxy */;
		};
		1C1F95212562A3A20072143B /* PBXTargetDependency */ = {
			isa = PBXTargetDependency;
			target = 1C1F94FD2562A39F0072143B /* Inverstor Track */;
			targetProxy = 1C1F95202562A3A20072143B /* PBXContainerItemProxy */;
		};
/* End PBXTargetDependency section */

/* Begin PBXVariantGroup section */
		1C1F950C2562A3A10072143B /* LaunchScreen.storyboard */ = {
			isa = PBXVariantGroup;
			children = (
				1C1F950D2562A3A10072143B /* Base */,
			);
			name = LaunchScreen.storyboard;
			sourceTree = "<group>";
		};
/* End PBXVariantGroup section */

/* Begin XCBuildConfiguration section */
		1C1F95262562A3A20072143B /* Debug */ = {
			isa = XCBuildConfiguration;
			buildSettings = {
				ALWAYS_SEARCH_USER_PATHS = NO;
				CLANG_ANALYZER_NONNULL = YES;
				CLANG_ANALYZER_NUMBER_OBJECT_CONVERSION = YES_AGGRESSIVE;
				CLANG_CXX_LANGUAGE_STANDARD = "gnu++14";
				CLANG_CXX_LIBRARY = "libc++";
				CLANG_ENABLE_MODULES = YES;
				CLANG_ENABLE_OBJC_ARC = YES;
				CLANG_ENABLE_OBJC_WEAK = YES;
				CLANG_WARN_BLOCK_CAPTURE_AUTORELEASING = YES;
				CLANG_WARN_BOOL_CONVERSION = YES;
				CLANG_WARN_COMMA = YES;
				CLANG_WARN_CONSTANT_CONVERSION = YES;
				CLANG_WARN_DEPRECATED_OBJC_IMPLEMENTATIONS = YES;
				CLANG_WARN_DIRECT_OBJC_ISA_USAGE = YES_ERROR;
				CLANG_WARN_DOCUMENTATION_COMMENTS = YES;
				CLANG_WARN_EMPTY_BODY = YES;
				CLANG_WARN_ENUM_CONVERSION = YES;
				CLANG_WARN_INFINITE_RECURSION = YES;
				CLANG_WARN_INT_CONVERSION = YES;
				CLANG_WARN_NON_LITERAL_NULL_CONVERSION = YES;
				CLANG_WARN_OBJC_IMPLICIT_RETAIN_SELF = YES;
				CLANG_WARN_OBJC_LITERAL_CONVERSION = YES;
				CLANG_WARN_OBJC_ROOT_CLASS = YES_ERROR;
				CLANG_WARN_RANGE_LOOP_ANALYSIS = YES;
				CLANG_WARN_STRICT_PROTOTYPES = YES;
				CLANG_WARN_SUSPICIOUS_MOVE = YES;
				CLANG_WARN_UNGUARDED_AVAILABILITY = YES_AGGRESSIVE;
				CLANG_WARN_UNREACHABLE_CODE = YES;
				CLANG_WARN__DUPLICATE_METHOD_MATCH = YES;
				COPY_PHASE_STRIP = NO;
				DEBUG_INFORMATION_FORMAT = dwarf;
				ENABLE_STRICT_OBJC_MSGSEND = YES;
				ENABLE_TESTABILITY = YES;
				GCC_C_LANGUAGE_STANDARD = gnu11;
				GCC_DYNAMIC_NO_PIC = NO;
				GCC_NO_COMMON_BLOCKS = YES;
				GCC_OPTIMIZATION_LEVEL = 0;
				GCC_PREPROCESSOR_DEFINITIONS = (
					"DEBUG=1",
					"$(inherited)",
				);
				GCC_WARN_64_TO_32_BIT_CONVERSION = YES;
				GCC_WARN_ABOUT_RETURN_TYPE = YES_ERROR;
				GCC_WARN_UNDECLARED_SELECTOR = YES;
				GCC_WARN_UNINITIALIZED_AUTOS = YES_AGGRESSIVE;
				GCC_WARN_UNUSED_FUNCTION = YES;
				GCC_WARN_UNUSED_VARIABLE = YES;
				IPHONEOS_DEPLOYMENT_TARGET = 13.4;
				MTL_ENABLE_DEBUG_INFO = INCLUDE_SOURCE;
				MTL_FAST_MATH = YES;
				ONLY_ACTIVE_ARCH = YES;
				SDKROOT = iphoneos;
				SWIFT_ACTIVE_COMPILATION_CONDITIONS = DEBUG;
				SWIFT_OPTIMIZATION_LEVEL = "-Onone";
			};
			name = Debug;
		};
		1C1F95272562A3A20072143B /* Release */ = {
			isa = XCBuildConfiguration;
			buildSettings = {
				ALWAYS_SEARCH_USER_PATHS = NO;
				CLANG_ANALYZER_NONNULL = YES;
				CLANG_ANALYZER_NUMBER_OBJECT_CONVERSION = YES_AGGRESSIVE;
				CLANG_CXX_LANGUAGE_STANDARD = "gnu++14";
				CLANG_CXX_LIBRARY = "libc++";
				CLANG_ENABLE_MODULES = YES;
				CLANG_ENABLE_OBJC_ARC = YES;
				CLANG_ENABLE_OBJC_WEAK = YES;
				CLANG_WARN_BLOCK_CAPTURE_AUTORELEASING = YES;
				CLANG_WARN_BOOL_CONVERSION = YES;
				CLANG_WARN_COMMA = YES;
				CLANG_WARN_CONSTANT_CONVERSION = YES;
				CLANG_WARN_DEPRECATED_OBJC_IMPLEMENTATIONS = YES;
				CLANG_WARN_DIRECT_OBJC_ISA_USAGE = YES_ERROR;
				CLANG_WARN_DOCUMENTATION_COMMENTS = YES;
				CLANG_WARN_EMPTY_BODY = YES;
				CLANG_WARN_ENUM_CONVERSION = YES;
				CLANG_WARN_INFINITE_RECURSION = YES;
				CLANG_WARN_INT_CONVERSION = YES;
				CLANG_WARN_NON_LITERAL_NULL_CONVERSION = YES;
				CLANG_WARN_OBJC_IMPLICIT_RETAIN_SELF = YES;
				CLANG_WARN_OBJC_LITERAL_CONVERSION = YES;
				CLANG_WARN_OBJC_ROOT_CLASS = YES_ERROR;
				CLANG_WARN_RANGE_LOOP_ANALYSIS = YES;
				CLANG_WARN_STRICT_PROTOTYPES = YES;
				CLANG_WARN_SUSPICIOUS_MOVE = YES;
				CLANG_WARN_UNGUARDED_AVAILABILITY = YES_AGGRESSIVE;
				CLANG_WARN_UNREACHABLE_CODE = YES;
				CLANG_WARN__DUPLICATE_METHOD_MATCH = YES;
				COPY_PHASE_STRIP = NO;
				DEBUG_INFORMATION_FORMAT = "dwarf-with-dsym";
				ENABLE_NS_ASSERTIONS = NO;
				ENABLE_STRICT_OBJC_MSGSEND = YES;
				GCC_C_LANGUAGE_STANDARD = gnu11;
				GCC_NO_COMMON_BLOCKS = YES;
				GCC_WARN_64_TO_32_BIT_CONVERSION = YES;
				GCC_WARN_ABOUT_RETURN_TYPE = YES_ERROR;
				GCC_WARN_UNDECLARED_SELECTOR = YES;
				GCC_WARN_UNINITIALIZED_AUTOS = YES_AGGRESSIVE;
				GCC_WARN_UNUSED_FUNCTION = YES;
				GCC_WARN_UNUSED_VARIABLE = YES;
				IPHONEOS_DEPLOYMENT_TARGET = 13.4;
				MTL_ENABLE_DEBUG_INFO = NO;
				MTL_FAST_MATH = YES;
				SDKROOT = iphoneos;
				SWIFT_COMPILATION_MODE = wholemodule;
				SWIFT_OPTIMIZATION_LEVEL = "-O";
				VALIDATE_PRODUCT = YES;
			};
			name = Release;
		};
		1C1F95292562A3A20072143B /* Debug */ = {
			isa = XCBuildConfiguration;
			buildSettings = {
				ASSETCATALOG_COMPILER_APPICON_NAME = AppIcon;
				CODE_SIGN_STYLE = Automatic;
				DEVELOPMENT_TEAM = 9BXQV4D87Y;
				INFOPLIST_FILE = "Inverstor Track/Info.plist";
				LD_RUNPATH_SEARCH_PATHS = (
					"$(inherited)",
					"@executable_path/Frameworks",
				);
				PRODUCT_BUNDLE_IDENTIFIER = "com.leyobabu.Inverstor-Track";
				PRODUCT_NAME = "$(TARGET_NAME)";
				SWIFT_VERSION = 5.0;
				TARGETED_DEVICE_FAMILY = "1,2";
			};
			name = Debug;
		};
		1C1F952A2562A3A20072143B /* Release */ = {
			isa = XCBuildConfiguration;
			buildSettings = {
				ASSETCATALOG_COMPILER_APPICON_NAME = AppIcon;
				CODE_SIGN_STYLE = Automatic;
				DEVELOPMENT_TEAM = 9BXQV4D87Y;
				INFOPLIST_FILE = "Inverstor Track/Info.plist";
				LD_RUNPATH_SEARCH_PATHS = (
					"$(inherited)",
					"@executable_path/Frameworks",
				);
				PRODUCT_BUNDLE_IDENTIFIER = "com.leyobabu.Inverstor-Track";
				PRODUCT_NAME = "$(TARGET_NAME)";
				SWIFT_VERSION = 5.0;
				TARGETED_DEVICE_FAMILY = "1,2";
			};
			name = Release;
		};
		1C1F952C2562A3A20072143B /* Debug */ = {
			isa = XCBuildConfiguration;
			buildSettings = {
				ALWAYS_EMBED_SWIFT_STANDARD_LIBRARIES = YES;
				BUNDLE_LOADER = "$(TEST_HOST)";
				CODE_SIGN_STYLE = Automatic;
				DEVELOPMENT_TEAM = 9BXQV4D87Y;
				INFOPLIST_FILE = "Inverstor TrackTests/Info.plist";
				IPHONEOS_DEPLOYMENT_TARGET = 13.4;
				LD_RUNPATH_SEARCH_PATHS = (
					"$(inherited)",
					"@executable_path/Frameworks",
					"@loader_path/Frameworks",
				);
				PRODUCT_BUNDLE_IDENTIFIER = "com.leyobabu.Inverstor-TrackTests";
				PRODUCT_NAME = "$(TARGET_NAME)";
				SWIFT_VERSION = 5.0;
				TARGETED_DEVICE_FAMILY = "1,2";
				TEST_HOST = "$(BUILT_PRODUCTS_DIR)/Inverstor Track.app/Inverstor Track";
			};
			name = Debug;
		};
		1C1F952D2562A3A20072143B /* Release */ = {
			isa = XCBuildConfiguration;
			buildSettings = {
				ALWAYS_EMBED_SWIFT_STANDARD_LIBRARIES = YES;
				BUNDLE_LOADER = "$(TEST_HOST)";
				CODE_SIGN_STYLE = Automatic;
				DEVELOPMENT_TEAM = 9BXQV4D87Y;
				INFOPLIST_FILE = "Inverstor TrackTests/Info.plist";
				IPHONEOS_DEPLOYMENT_TARGET = 13.4;
				LD_RUNPATH_SEARCH_PATHS = (
					"$(inherited)",
					"@executable_path/Frameworks",
					"@loader_path/Frameworks",
				);
				PRODUCT_BUNDLE_IDENTIFIER = "com.leyobabu.Inverstor-TrackTests";
				PRODUCT_NAME = "$(TARGET_NAME)";
				SWIFT_VERSION = 5.0;
				TARGETED_DEVICE_FAMILY = "1,2";
				TEST_HOST = "$(BUILT_PRODUCTS_DIR)/Inverstor Track.app/Inverstor Track";
			};
			name = Release;
		};
		1C1F952F2562A3A20072143B /* Debug */ = {
			isa = XCBuildConfiguration;
			buildSettings = {
				ALWAYS_EMBED_SWIFT_STANDARD_LIBRARIES = YES;
				CODE_SIGN_STYLE = Automatic;
				DEVELOPMENT_TEAM = 9BXQV4D87Y;
				INFOPLIST_FILE = "Inverstor TrackUITests/Info.plist";
				LD_RUNPATH_SEARCH_PATHS = (
					"$(inherited)",
					"@executable_path/Frameworks",
					"@loader_path/Frameworks",
				);
				PRODUCT_BUNDLE_IDENTIFIER = "com.leyobabu.Inverstor-TrackUITests";
				PRODUCT_NAME = "$(TARGET_NAME)";
				SWIFT_VERSION = 5.0;
				TARGETED_DEVICE_FAMILY = "1,2";
				TEST_TARGET_NAME = "Inverstor Track";
			};
			name = Debug;
		};
		1C1F95302562A3A20072143B /* Release */ = {
			isa = XCBuildConfiguration;
			buildSettings = {
				ALWAYS_EMBED_SWIFT_STANDARD_LIBRARIES = YES;
				CODE_SIGN_STYLE = Automatic;
				DEVELOPMENT_TEAM = 9BXQV4D87Y;
				INFOPLIST_FILE = "Inverstor TrackUITests/Info.plist";
				LD_RUNPATH_SEARCH_PATHS = (
					"$(inherited)",
					"@executable_path/Frameworks",
					"@loader_path/Frameworks",
				);
				PRODUCT_BUNDLE_IDENTIFIER = "com.leyobabu.Inverstor-TrackUITests";
				PRODUCT_NAME = "$(TARGET_NAME)";
				SWIFT_VERSION = 5.0;
				TARGETED_DEVICE_FAMILY = "1,2";
				TEST_TARGET_NAME = "Inverstor Track";
			};
			name = Release;
		};
/* End XCBuildConfiguration section */

/* Begin XCConfigurationList section */
		1C1F94F92562A39F0072143B /* Build configuration list for PBXProject "Inverstor Track" */ = {
			isa = XCConfigurationList;
			buildConfigurations = (
				1C1F95262562A3A20072143B /* Debug */,
				1C1F95272562A3A20072143B /* Release */,
			);
			defaultConfigurationIsVisible = 0;
			defaultConfigurationName = Release;
		};
		1C1F95282562A3A20072143B /* Build configuration list for PBXNativeTarget "Inverstor Track" */ = {
			isa = XCConfigurationList;
			buildConfigurations = (
				1C1F95292562A3A20072143B /* Debug */,
				1C1F952A2562A3A20072143B /* Release */,
			);
			defaultConfigurationIsVisible = 0;
			defaultConfigurationName = Release;
		};
		1C1F952B2562A3A20072143B /* Build configuration list for PBXNativeTarget "Inverstor TrackTests" */ = {
			isa = XCConfigurationList;
			buildConfigurations = (
				1C1F952C2562A3A20072143B /* Debug */,
				1C1F952D2562A3A20072143B /* Release */,
			);
			defaultConfigurationIsVisible = 0;
			defaultConfigurationName = Release;
		};
		1C1F952E2562A3A20072143B /* Build configuration list for PBXNativeTarget "Inverstor TrackUITests" */ = {
			isa = XCConfigurationList;
			buildConfigurations = (
				1C1F952F2562A3A20072143B /* Debug */,
				1C1F95302562A3A20072143B /* Release */,
			);
			defaultConfigurationIsVisible = 0;
			defaultConfigurationName = Release;
		};
/* End XCConfigurationList section */
	};
	rootObject = 1C1F94F62562A39F0072143B /* Project object */;
}
